// !$*UTF8*$!
{
	archiveVersion = 1;
	classes = {
	};
	objectVersion = 46;
	objects = {

/* Begin PBXBuildFile section */
		D2B6E7EA147BF99500AB5AFD /* CLWebView.m in Sources */ = {isa = PBXBuildFile; fileRef = D2B6E7E9147BF99500AB5AFD /* CLWebView.m */; settings = {COMPILER_FLAGS = "-fno-objc-arc"; }; };
		D2CEE05E147ACD4C005249F4 /* UIKit.framework in Frameworks */ = {isa = PBXBuildFile; fileRef = D2CEE05D147ACD4C005249F4 /* UIKit.framework */; };
		D2CEE060147ACD4C005249F4 /* Foundation.framework in Frameworks */ = {isa = PBXBuildFile; fileRef = D2CEE05F147ACD4C005249F4 /* Foundation.framework */; };
		D2CEE062147ACD4C005249F4 /* CoreGraphics.framework in Frameworks */ = {isa = PBXBuildFile; fileRef = D2CEE061147ACD4C005249F4 /* CoreGraphics.framework */; };
		D2CEE068147ACD4C005249F4 /* InfoPlist.strings in Resources */ = {isa = PBXBuildFile; fileRef = D2CEE066147ACD4C005249F4 /* InfoPlist.strings */; };
		D2CEE06A147ACD4C005249F4 /* main.m in Sources */ = {isa = PBXBuildFile; fileRef = D2CEE069147ACD4C005249F4 /* main.m */; };
		D2CEE06E147ACD4C005249F4 /* CLAppDelegate.m in Sources */ = {isa = PBXBuildFile; fileRef = D2CEE06D147ACD4C005249F4 /* CLAppDelegate.m */; };
		D2CEE071147ACD4D005249F4 /* MainStoryboard_iPhone.storyboard in Resources */ = {isa = PBXBuildFile; fileRef = D2CEE06F147ACD4D005249F4 /* MainStoryboard_iPhone.storyboard */; };
		D2CEE074147ACD4D005249F4 /* MainStoryboard_iPad.storyboard in Resources */ = {isa = PBXBuildFile; fileRef = D2CEE072147ACD4D005249F4 /* MainStoryboard_iPad.storyboard */; };
		D2CEE077147ACD4D005249F4 /* CLMasterViewController.m in Sources */ = {isa = PBXBuildFile; fileRef = D2CEE076147ACD4D005249F4 /* CLMasterViewController.m */; };
		D2CEE07A147ACD4D005249F4 /* CLDetailViewController.m in Sources */ = {isa = PBXBuildFile; fileRef = D2CEE079147ACD4D005249F4 /* CLDetailViewController.m */; };
		D2CEE082147ACD4D005249F4 /* SenTestingKit.framework in Frameworks */ = {isa = PBXBuildFile; fileRef = D2CEE081147ACD4D005249F4 /* SenTestingKit.framework */; };
		D2CEE083147ACD4D005249F4 /* UIKit.framework in Frameworks */ = {isa = PBXBuildFile; fileRef = D2CEE05D147ACD4C005249F4 /* UIKit.framework */; };
		D2CEE084147ACD4D005249F4 /* Foundation.framework in Frameworks */ = {isa = PBXBuildFile; fileRef = D2CEE05F147ACD4C005249F4 /* Foundation.framework */; };
		D2CEE08C147ACD4D005249F4 /* InfoPlist.strings in Resources */ = {isa = PBXBuildFile; fileRef = D2CEE08A147ACD4D005249F4 /* InfoPlist.strings */; };
		D2CEE08F147ACD4D005249F4 /* PhysicoTests.m in Sources */ = {isa = PBXBuildFile; fileRef = D2CEE08E147ACD4D005249F4 /* PhysicoTests.m */; };
		D2D2C0AA147E8ACF00375084 /* assets in Resources */ = {isa = PBXBuildFile; fileRef = D2D2C0A9147E8ACF00375084 /* assets */; };
/* End PBXBuildFile section */

/* Begin PBXContainerItemProxy section */
		D2CEE085147ACD4D005249F4 /* PBXContainerItemProxy */ = {
			isa = PBXContainerItemProxy;
			containerPortal = D2CEE050147ACD4C005249F4 /* Project object */;
			proxyType = 1;
			remoteGlobalIDString = D2CEE058147ACD4C005249F4;
			remoteInfo = Physico;
		};
/* End PBXContainerItemProxy section */

/* Begin PBXFileReference section */
		D2B6E7E8147BF99500AB5AFD /* CLWebView.h */ = {isa = PBXFileReference; fileEncoding = 4; lastKnownFileType = sourcecode.c.h; path = CLWebView.h; sourceTree = "<group>"; };
		D2B6E7E9147BF99500AB5AFD /* CLWebView.m */ = {isa = PBXFileReference; fileEncoding = 4; lastKnownFileType = sourcecode.c.objc; path = CLWebView.m; sourceTree = "<group>"; };
		D2CEE059147ACD4C005249F4 /* Physico.app */ = {isa = PBXFileReference; explicitFileType = wrapper.application; includeInIndex = 0; path = Physico.app; sourceTree = BUILT_PRODUCTS_DIR; };
		D2CEE05D147ACD4C005249F4 /* UIKit.framework */ = {isa = PBXFileReference; lastKnownFileType = wrapper.framework; name = UIKit.framework; path = System/Library/Frameworks/UIKit.framework; sourceTree = SDKROOT; };
		D2CEE05F147ACD4C005249F4 /* Foundation.framework */ = {isa = PBXFileReference; lastKnownFileType = wrapper.framework; name = Foundation.framework; path = System/Library/Frameworks/Foundation.framework; sourceTree = SDKROOT; };
		D2CEE061147ACD4C005249F4 /* CoreGraphics.framework */ = {isa = PBXFileReference; lastKnownFileType = wrapper.framework; name = CoreGraphics.framework; path = System/Library/Frameworks/CoreGraphics.framework; sourceTree = SDKROOT; };
		D2CEE065147ACD4C005249F4 /* Physico-Info.plist */ = {isa = PBXFileReference; lastKnownFileType = text.plist.xml; path = "Physico-Info.plist"; sourceTree = "<group>"; };
		D2CEE067147ACD4C005249F4 /* en */ = {isa = PBXFileReference; lastKnownFileType = text.plist.strings; name = en; path = en.lproj/InfoPlist.strings; sourceTree = "<group>"; };
		D2CEE069147ACD4C005249F4 /* main.m */ = {isa = PBXFileReference; lastKnownFileType = sourcecode.c.objc; path = main.m; sourceTree = "<group>"; };
		D2CEE06B147ACD4C005249F4 /* Physico-Prefix.pch */ = {isa = PBXFileReference; lastKnownFileType = sourcecode.c.h; path = "Physico-Prefix.pch"; sourceTree = "<group>"; };
		D2CEE06C147ACD4C005249F4 /* CLAppDelegate.h */ = {isa = PBXFileReference; lastKnownFileType = sourcecode.c.h; path = CLAppDelegate.h; sourceTree = "<group>"; };
		D2CEE06D147ACD4C005249F4 /* CLAppDelegate.m */ = {isa = PBXFileReference; lastKnownFileType = sourcecode.c.objc; path = CLAppDelegate.m; sourceTree = "<group>"; };
		D2CEE070147ACD4D005249F4 /* en */ = {isa = PBXFileReference; lastKnownFileType = file.storyboard; name = en; path = en.lproj/MainStoryboard_iPhone.storyboard; sourceTree = "<group>"; };
		D2CEE073147ACD4D005249F4 /* en */ = {isa = PBXFileReference; lastKnownFileType = file.storyboard; name = en; path = en.lproj/MainStoryboard_iPad.storyboard; sourceTree = "<group>"; };
		D2CEE075147ACD4D005249F4 /* CLMasterViewController.h */ = {isa = PBXFileReference; lastKnownFileType = sourcecode.c.h; path = CLMasterViewController.h; sourceTree = "<group>"; };
		D2CEE076147ACD4D005249F4 /* CLMasterViewController.m */ = {isa = PBXFileReference; lastKnownFileType = sourcecode.c.objc; path = CLMasterViewController.m; sourceTree = "<group>"; };
		D2CEE078147ACD4D005249F4 /* CLDetailViewController.h */ = {isa = PBXFileReference; lastKnownFileType = sourcecode.c.h; path = CLDetailViewController.h; sourceTree = "<group>"; };
		D2CEE079147ACD4D005249F4 /* CLDetailViewController.m */ = {isa = PBXFileReference; lastKnownFileType = sourcecode.c.objc; path = CLDetailViewController.m; sourceTree = "<group>"; };
		D2CEE080147ACD4D005249F4 /* PhysicoTests.octest */ = {isa = PBXFileReference; explicitFileType = wrapper.cfbundle; includeInIndex = 0; path = PhysicoTests.octest; sourceTree = BUILT_PRODUCTS_DIR; };
		D2CEE081147ACD4D005249F4 /* SenTestingKit.framework */ = {isa = PBXFileReference; lastKnownFileType = wrapper.framework; name = SenTestingKit.framework; path = Library/Frameworks/SenTestingKit.framework; sourceTree = DEVELOPER_DIR; };
		D2CEE089147ACD4D005249F4 /* PhysicoTests-Info.plist */ = {isa = PBXFileReference; lastKnownFileType = text.plist.xml; path = "PhysicoTests-Info.plist"; sourceTree = "<group>"; };
		D2CEE08B147ACD4D005249F4 /* en */ = {isa = PBXFileReference; lastKnownFileType = text.plist.strings; name = en; path = en.lproj/InfoPlist.strings; sourceTree = "<group>"; };
		D2CEE08D147ACD4D005249F4 /* PhysicoTests.h */ = {isa = PBXFileReference; lastKnownFileType = sourcecode.c.h; path = PhysicoTests.h; sourceTree = "<group>"; };
		D2CEE08E147ACD4D005249F4 /* PhysicoTests.m */ = {isa = PBXFileReference; lastKnownFileType = sourcecode.c.objc; path = PhysicoTests.m; sourceTree = "<group>"; };
		D2D2C0A9147E8ACF00375084 /* assets */ = {isa = PBXFileReference; lastKnownFileType = folder; name = assets; path = Physico/assets; sourceTree = "<group>"; };
/* End PBXFileReference section */

/* Begin PBXFrameworksBuildPhase section */
		D2CEE056147ACD4C005249F4 /* Frameworks */ = {
			isa = PBXFrameworksBuildPhase;
			buildActionMask = 2147483647;
			files = (
				D2CEE05E147ACD4C005249F4 /* UIKit.framework in Frameworks */,
				D2CEE060147ACD4C005249F4 /* Foundation.framework in Frameworks */,
				D2CEE062147ACD4C005249F4 /* CoreGraphics.framework in Frameworks */,
			);
			runOnlyForDeploymentPostprocessing = 0;
		};
		D2CEE07C147ACD4D005249F4 /* Frameworks */ = {
			isa = PBXFrameworksBuildPhase;
			buildActionMask = 2147483647;
			files = (
				D2CEE082147ACD4D005249F4 /* SenTestingKit.framework in Frameworks */,
				D2CEE083147ACD4D005249F4 /* UIKit.framework in Frameworks */,
				D2CEE084147ACD4D005249F4 /* Foundation.framework in Frameworks */,
			);
			runOnlyForDeploymentPostprocessing = 0;
		};
/* End PBXFrameworksBuildPhase section */

/* Begin PBXGroup section */
		D2CEE04E147ACD4C005249F4 = {
			isa = PBXGroup;
			children = (
				D2D2C0AB147E8AD800375084 /* Physico Web Engine */,
				D2CEE063147ACD4C005249F4 /* Physico iOS Bridge App */,
				D2CEE087147ACD4D005249F4 /* PhysicoTests */,
				D2CEE05C147ACD4C005249F4 /* Frameworks */,
				D2CEE05A147ACD4C005249F4 /* Products */,
			);
			sourceTree = "<group>";
		};
		D2CEE05A147ACD4C005249F4 /* Products */ = {
			isa = PBXGroup;
			children = (
				D2CEE059147ACD4C005249F4 /* Physico.app */,
				D2CEE080147ACD4D005249F4 /* PhysicoTests.octest */,
			);
			name = Products;
			sourceTree = "<group>";
		};
		D2CEE05C147ACD4C005249F4 /* Frameworks */ = {
			isa = PBXGroup;
			children = (
				D2CEE05D147ACD4C005249F4 /* UIKit.framework */,
				D2CEE05F147ACD4C005249F4 /* Foundation.framework */,
				D2CEE061147ACD4C005249F4 /* CoreGraphics.framework */,
				D2CEE081147ACD4D005249F4 /* SenTestingKit.framework */,
			);
			name = Frameworks;
			sourceTree = "<group>";
		};
		D2CEE063147ACD4C005249F4 /* Physico iOS Bridge App */ = {
			isa = PBXGroup;
			children = (
				D2B6E7E8147BF99500AB5AFD /* CLWebView.h */,
				D2B6E7E9147BF99500AB5AFD /* CLWebView.m */,
				D2CEE06C147ACD4C005249F4 /* CLAppDelegate.h */,
				D2CEE06D147ACD4C005249F4 /* CLAppDelegate.m */,
				D2CEE06F147ACD4D005249F4 /* MainStoryboard_iPhone.storyboard */,
				D2CEE072147ACD4D005249F4 /* MainStoryboard_iPad.storyboard */,
				D2CEE075147ACD4D005249F4 /* CLMasterViewController.h */,
				D2CEE076147ACD4D005249F4 /* CLMasterViewController.m */,
				D2CEE078147ACD4D005249F4 /* CLDetailViewController.h */,
				D2CEE079147ACD4D005249F4 /* CLDetailViewController.m */,
				D2CEE064147ACD4C005249F4 /* Supporting Files */,
			);
			name = "Physico iOS Bridge App";
			path = Physico;
			sourceTree = "<group>";
		};
		D2CEE064147ACD4C005249F4 /* Supporting Files */ = {
			isa = PBXGroup;
			children = (
				D2CEE065147ACD4C005249F4 /* Physico-Info.plist */,
				D2CEE066147ACD4C005249F4 /* InfoPlist.strings */,
				D2CEE069147ACD4C005249F4 /* main.m */,
				D2CEE06B147ACD4C005249F4 /* Physico-Prefix.pch */,
			);
			name = "Supporting Files";
			sourceTree = "<group>";
		};
		D2CEE087147ACD4D005249F4 /* PhysicoTests */ = {
			isa = PBXGroup;
			children = (
				D2CEE08D147ACD4D005249F4 /* PhysicoTests.h */,
				D2CEE08E147ACD4D005249F4 /* PhysicoTests.m */,
				D2CEE088147ACD4D005249F4 /* Supporting Files */,
			);
			path = PhysicoTests;
			sourceTree = "<group>";
		};
		D2CEE088147ACD4D005249F4 /* Supporting Files */ = {
			isa = PBXGroup;
			children = (
				D2CEE089147ACD4D005249F4 /* PhysicoTests-Info.plist */,
				D2CEE08A147ACD4D005249F4 /* InfoPlist.strings */,
			);
			name = "Supporting Files";
			sourceTree = "<group>";
		};
		D2D2C0AB147E8AD800375084 /* Physico Web Engine */ = {
			isa = PBXGroup;
			children = (
				D2D2C0A9147E8ACF00375084 /* assets */,
			);
			name = "Physico Web Engine";
			sourceTree = "<group>";
		};
/* End PBXGroup section */

/* Begin PBXNativeTarget section */
		D2CEE058147ACD4C005249F4 /* Physico */ = {
			isa = PBXNativeTarget;
			buildConfigurationList = D2CEE092147ACD4D005249F4 /* Build configuration list for PBXNativeTarget "Physico" */;
			buildPhases = (
				D2CEE055147ACD4C005249F4 /* Sources */,
				D2CEE056147ACD4C005249F4 /* Frameworks */,
				D2CEE057147ACD4C005249F4 /* Resources */,
			);
			buildRules = (
			);
			dependencies = (
			);
			name = Physico;
			productName = Physico;
			productReference = D2CEE059147ACD4C005249F4 /* Physico.app */;
			productType = "com.apple.product-type.application";
		};
		D2CEE07F147ACD4D005249F4 /* PhysicoTests */ = {
			isa = PBXNativeTarget;
			buildConfigurationList = D2CEE095147ACD4D005249F4 /* Build configuration list for PBXNativeTarget "PhysicoTests" */;
			buildPhases = (
				D2CEE07B147ACD4D005249F4 /* Sources */,
				D2CEE07C147ACD4D005249F4 /* Frameworks */,
				D2CEE07D147ACD4D005249F4 /* Resources */,
				D2CEE07E147ACD4D005249F4 /* ShellScript */,
			);
			buildRules = (
			);
			dependencies = (
				D2CEE086147ACD4D005249F4 /* PBXTargetDependency */,
			);
			name = PhysicoTests;
			productName = PhysicoTests;
			productReference = D2CEE080147ACD4D005249F4 /* PhysicoTests.octest */;
			productType = "com.apple.product-type.bundle";
		};
/* End PBXNativeTarget section */

/* Begin PBXProject section */
		D2CEE050147ACD4C005249F4 /* Project object */ = {
			isa = PBXProject;
			attributes = {
				LastUpgradeCheck = 0420;
				ORGANIZATIONNAME = "Corn Labs";
			};
			buildConfigurationList = D2CEE053147ACD4C005249F4 /* Build configuration list for PBXProject "Physico" */;
			compatibilityVersion = "Xcode 3.2";
			developmentRegion = English;
			hasScannedForEncodings = 0;
			knownRegions = (
				en,
			);
			mainGroup = D2CEE04E147ACD4C005249F4;
			productRefGroup = D2CEE05A147ACD4C005249F4 /* Products */;
			projectDirPath = "";
			projectRoot = "";
			targets = (
				D2CEE058147ACD4C005249F4 /* Physico */,
				D2CEE07F147ACD4D005249F4 /* PhysicoTests */,
			);
		};
/* End PBXProject section */

/* Begin PBXResourcesBuildPhase section */
		D2CEE057147ACD4C005249F4 /* Resources */ = {
			isa = PBXResourcesBuildPhase;
			buildActionMask = 2147483647;
			files = (
				D2CEE068147ACD4C005249F4 /* InfoPlist.strings in Resources */,
				D2CEE071147ACD4D005249F4 /* MainStoryboard_iPhone.storyboard in Resources */,
				D2CEE074147ACD4D005249F4 /* MainStoryboard_iPad.storyboard in Resources */,
				D2D2C0AA147E8ACF00375084 /* assets in Resources */,
			);
			runOnlyForDeploymentPostprocessing = 0;
		};
		D2CEE07D147ACD4D005249F4 /* Resources */ = {
			isa = PBXResourcesBuildPhase;
			buildActionMask = 2147483647;
			files = (
				D2CEE08C147ACD4D005249F4 /* InfoPlist.strings in Resources */,
			);
			runOnlyForDeploymentPostprocessing = 0;
		};
/* End PBXResourcesBuildPhase section */

/* Begin PBXShellScriptBuildPhase section */
		D2CEE07E147ACD4D005249F4 /* ShellScript */ = {
			isa = PBXShellScriptBuildPhase;
			buildActionMask = 2147483647;
			files = (
			);
			inputPaths = (
			);
			outputPaths = (
			);
			runOnlyForDeploymentPostprocessing = 0;
			shellPath = /bin/sh;
			shellScript = "# Run the unit tests in this test bundle.\n\"${SYSTEM_DEVELOPER_DIR}/Tools/RunUnitTests\"\n";
		};
/* End PBXShellScriptBuildPhase section */

/* Begin PBXSourcesBuildPhase section */
		D2CEE055147ACD4C005249F4 /* Sources */ = {
			isa = PBXSourcesBuildPhase;
			buildActionMask = 2147483647;
			files = (
				D2CEE06A147ACD4C005249F4 /* main.m in Sources */,
				D2CEE06E147ACD4C005249F4 /* CLAppDelegate.m in Sources */,
				D2CEE077147ACD4D005249F4 /* CLMasterViewController.m in Sources */,
				D2CEE07A147ACD4D005249F4 /* CLDetailViewController.m in Sources */,
				D2B6E7EA147BF99500AB5AFD /* CLWebView.m in Sources */,
			);
			runOnlyForDeploymentPostprocessing = 0;
		};
		D2CEE07B147ACD4D005249F4 /* Sources */ = {
			isa = PBXSourcesBuildPhase;
			buildActionMask = 2147483647;
			files = (
				D2CEE08F147ACD4D005249F4 /* PhysicoTests.m in Sources */,
			);
			runOnlyForDeploymentPostprocessing = 0;
		};
/* End PBXSourcesBuildPhase section */

/* Begin PBXTargetDependency section */
		D2CEE086147ACD4D005249F4 /* PBXTargetDependency */ = {
			isa = PBXTargetDependency;
			target = D2CEE058147ACD4C005249F4 /* Physico */;
			targetProxy = D2CEE085147ACD4D005249F4 /* PBXContainerItemProxy */;
		};
/* End PBXTargetDependency section */

/* Begin PBXVariantGroup section */
		D2CEE066147ACD4C005249F4 /* InfoPlist.strings */ = {
			isa = PBXVariantGroup;
			children = (
				D2CEE067147ACD4C005249F4 /* en */,
			);
			name = InfoPlist.strings;
			sourceTree = "<group>";
		};
		D2CEE06F147ACD4D005249F4 /* MainStoryboard_iPhone.storyboard */ = {
			isa = PBXVariantGroup;
			children = (
				D2CEE070147ACD4D005249F4 /* en */,
			);
			name = MainStoryboard_iPhone.storyboard;
			sourceTree = "<group>";
		};
		D2CEE072147ACD4D005249F4 /* MainStoryboard_iPad.storyboard */ = {
			isa = PBXVariantGroup;
			children = (
				D2CEE073147ACD4D005249F4 /* en */,
			);
			name = MainStoryboard_iPad.storyboard;
			sourceTree = "<group>";
		};
		D2CEE08A147ACD4D005249F4 /* InfoPlist.strings */ = {
			isa = PBXVariantGroup;
			children = (
				D2CEE08B147ACD4D005249F4 /* en */,
			);
			name = InfoPlist.strings;
			sourceTree = "<group>";
		};
/* End PBXVariantGroup section */

/* Begin XCBuildConfiguration section */
		D2CEE090147ACD4D005249F4 /* Debug */ = {
			isa = XCBuildConfiguration;
			buildSettings = {
				ALWAYS_SEARCH_USER_PATHS = NO;
				ARCHS = "$(ARCHS_STANDARD_32_BIT)";
				CLANG_ENABLE_OBJC_ARC = YES;
				"CODE_SIGN_IDENTITY[sdk=iphoneos*]" = "iPhone Developer";
				COPY_PHASE_STRIP = NO;
				GCC_C_LANGUAGE_STANDARD = gnu99;
				GCC_DYNAMIC_NO_PIC = NO;
				GCC_OPTIMIZATION_LEVEL = 0;
				GCC_PREPROCESSOR_DEFINITIONS = (
					"DEBUG=1",
					"$(inherited)",
				);
				GCC_SYMBOLS_PRIVATE_EXTERN = NO;
				GCC_VERSION = com.apple.compilers.llvm.clang.1_0;
				GCC_WARN_ABOUT_MISSING_PROTOTYPES = YES;
				GCC_WARN_ABOUT_RETURN_TYPE = YES;
				GCC_WARN_UNUSED_VARIABLE = YES;
				IPHONEOS_DEPLOYMENT_TARGET = 5.0;
				SDKROOT = iphoneos;
				TARGETED_DEVICE_FAMILY = "1,2";
			};
			name = Debug;
		};
		D2CEE091147ACD4D005249F4 /* Release */ = {
			isa = XCBuildConfiguration;
			buildSettings = {
				ALWAYS_SEARCH_USER_PATHS = NO;
				ARCHS = "$(ARCHS_STANDARD_32_BIT)";
				CLANG_ENABLE_OBJC_ARC = YES;
				"CODE_SIGN_IDENTITY[sdk=iphoneos*]" = "iPhone Developer";
				COPY_PHASE_STRIP = YES;
				GCC_C_LANGUAGE_STANDARD = gnu99;
				GCC_VERSION = com.apple.compilers.llvm.clang.1_0;
				GCC_WARN_ABOUT_MISSING_PROTOTYPES = YES;
				GCC_WARN_ABOUT_RETURN_TYPE = YES;
				GCC_WARN_UNUSED_VARIABLE = YES;
				IPHONEOS_DEPLOYMENT_TARGET = 5.0;
				OTHER_CFLAGS = "-DNS_BLOCK_ASSERTIONS=1";
				SDKROOT = iphoneos;
				TARGETED_DEVICE_FAMILY = "1,2";
				VALIDATE_PRODUCT = YES;
			};
			name = Release;
		};
		D2CEE093147ACD4D005249F4 /* Debug */ = {
			isa = XCBuildConfiguration;
			buildSettings = {
				GCC_PRECOMPILE_PREFIX_HEADER = YES;
				GCC_PREFIX_HEADER = "Physico/Physico-Prefix.pch";
				INFOPLIST_FILE = "Physico/Physico-Info.plist";
				PRODUCT_NAME = "$(TARGET_NAME)";
				WRAPPER_EXTENSION = app;
			};
			name = Debug;
		};
		D2CEE094147ACD4D005249F4 /* Release */ = {
			isa = XCBuildConfiguration;
			buildSettings = {
				GCC_PRECOMPILE_PREFIX_HEADER = YES;
				GCC_PREFIX_HEADER = "Physico/Physico-Prefix.pch";
				INFOPLIST_FILE = "Physico/Physico-Info.plist";
				PRODUCT_NAME = "$(TARGET_NAME)";
				WRAPPER_EXTENSION = app;
			};
			name = Release;
		};
		D2CEE096147ACD4D005249F4 /* Debug */ = {
			isa = XCBuildConfiguration;
			buildSettings = {
				BUNDLE_LOADER = "$(BUILT_PRODUCTS_DIR)/Physico.app/Physico";
				FRAMEWORK_SEARCH_PATHS = (
					"$(SDKROOT)/Developer/Library/Frameworks",
					"$(DEVELOPER_LIBRARY_DIR)/Frameworks",
				);
				GCC_PRECOMPILE_PREFIX_HEADER = YES;
				GCC_PREFIX_HEADER = "Physico/Physico-Prefix.pch";
				INFOPLIST_FILE = "PhysicoTests/PhysicoTests-Info.plist";
				PRODUCT_NAME = "$(TARGET_NAME)";
				TEST_HOST = "$(BUNDLE_LOADER)";
				WRAPPER_EXTENSION = octest;
			};
			name = Debug;
		};
		D2CEE097147ACD4D005249F4 /* Release */ = {
			isa = XCBuildConfiguration;
			buildSettings = {
				BUNDLE_LOADER = "$(BUILT_PRODUCTS_DIR)/Physico.app/Physico";
				FRAMEWORK_SEARCH_PATHS = (
					"$(SDKROOT)/Developer/Library/Frameworks",
					"$(DEVELOPER_LIBRARY_DIR)/Frameworks",
				);
				GCC_PRECOMPILE_PREFIX_HEADER = YES;
				GCC_PREFIX_HEADER = "Physico/Physico-Prefix.pch";
				INFOPLIST_FILE = "PhysicoTests/PhysicoTests-Info.plist";
				PRODUCT_NAME = "$(TARGET_NAME)";
				TEST_HOST = "$(BUNDLE_LOADER)";
				WRAPPER_EXTENSION = octest;
			};
			name = Release;
		};
/* End XCBuildConfiguration section */

/* Begin XCConfigurationList section */
		D2CEE053147ACD4C005249F4 /* Build configuration list for PBXProject "Physico" */ = {
			isa = XCConfigurationList;
			buildConfigurations = (
				D2CEE090147ACD4D005249F4 /* Debug */,
				D2CEE091147ACD4D005249F4 /* Release */,
			);
			defaultConfigurationIsVisible = 0;
			defaultConfigurationName = Release;
		};
		D2CEE092147ACD4D005249F4 /* Build configuration list for PBXNativeTarget "Physico" */ = {
			isa = XCConfigurationList;
			buildConfigurations = (
				D2CEE093147ACD4D005249F4 /* Debug */,
				D2CEE094147ACD4D005249F4 /* Release */,
			);
			defaultConfigurationIsVisible = 0;
			defaultConfigurationName = Release;
		};
		D2CEE095147ACD4D005249F4 /* Build configuration list for PBXNativeTarget "PhysicoTests" */ = {
			isa = XCConfigurationList;
			buildConfigurations = (
				D2CEE096147ACD4D005249F4 /* Debug */,
				D2CEE097147ACD4D005249F4 /* Release */,
			);
			defaultConfigurationIsVisible = 0;
			defaultConfigurationName = Release;
		};
/* End XCConfigurationList section */
	};
	rootObject = D2CEE050147ACD4C005249F4 /* Project object */;
}
